# @generated by Move, please check-in and do not edit manually.

[move]
version = 3
manifest_digest = "F2A56C3665A196C5328ACC4C8915B229A2468101011B8F4DB640D40FA8F2F481"
deps_digest = "F9B494B64F0615AED0E98FC12A85B85ECD2BC5185C22D30E7F67786BB52E507C"
dependencies = [
  { id = "Bridge", name = "Bridge" },
  { id = "MoveStdlib", name = "MoveStdlib" },
  { id = "Sui", name = "Sui" },
  { id = "SuiSystem", name = "SuiSystem" },
]

[[move.package]]
id = "Bridge"
source = { git = "https://github.com/MystenLabs/sui.git", rev = "2cde80b5766b0bc2073908e10f6e3c81c93fd691", subdir = "crates/sui-framework/packages/bridge" }

dependencies = [
  { id = "MoveStdlib", name = "MoveStdlib" },
  { id = "Sui", name = "Sui" },
  { id = "SuiSystem", name = "SuiSystem" },
]

[[move.package]]
id = "MoveStdlib"
source = { git = "https://github.com/MystenLabs/sui.git", rev = "2cde80b5766b0bc2073908e10f6e3c81c93fd691", subdir = "crates/sui-framework/packages/move-stdlib" }

[[move.package]]
id = "Sui"
source = { git = "https://github.com/MystenLabs/sui.git", rev = "2cde80b5766b0bc2073908e10f6e3c81c93fd691", subdir = "crates/sui-framework/packages/sui-framework" }

dependencies = [
  { id = "MoveStdlib", name = "MoveStdlib" },
]

[[move.package]]
id = "SuiSystem"
source = { git = "https://github.com/MystenLabs/sui.git", rev = "2cde80b5766b0bc2073908e10f6e3c81c93fd691", subdir = "crates/sui-framework/packages/sui-system" }

dependencies = [
  { id = "MoveStdlib", name = "MoveStdlib" },
  { id = "Sui", name = "Sui" },
]

[move.toolchain-version]
compiler-version = "1.55.0"
edition = "2024.beta"
flavor = "sui"

[env]

[env.testnet]
chain-id = "4c78adac"
original-published-id = "0x3cd5bfe52910031fe4e10d0fdfb8a34d7f1d22e5e42207de7e5c56748ce398b8"
latest-published-id = "0x3cd5bfe52910031fe4e10d0fdfb8a34d7f1d22e5e42207de7e5c56748ce398b8"
published-version = "1"

[env.devnet]
chain-id = "ae43edc0"
original-published-id = "0xd04b9e046804e5549f0576230693d4488b7a3d7abc40a6949f999efbe9bc0a34"
latest-published-id = "0xd04b9e046804e5549f0576230693d4488b7a3d7abc40a6949f999efbe9bc0a34"
published-version = "1"

[env.mainnet]
chain-id = "35834a8a"
original-published-id = "0x41184af6d96a2b67668d99870fee1017b15b4d5e7c26ef1d878476101ea8adf1"
latest-published-id = "0x41184af6d96a2b67668d99870fee1017b15b4d5e7c26ef1d878476101ea8adf1"
published-version = "1"
